lockfileVersion: '6.0'

settings:
  autoInstallPeers: true
  excludeLinksFromLockfile: false

devDependencies:
  '@types/firefox-webext-browser':
    specifier: ^120.0.0
    version: 120.0.0

packages:

  /@types/firefox-webext-browser@120.0.0:
    resolution: {integrity: sha512-L+tDlwNeq0kQGfAYc2sNfKhRWJz9CNRvlbq9HnLibKUiJ3VTThG8sj7xrJF4CtKpEA9eBAr91Z2nnKIAy+xUJg==}
    dev: true
